{
  "requires": true,
  "lockfileVersion": 1,
  "dependencies": {
    "@ranfdev/deepobj": {
      "version": "1.0.2",
      "resolved": "https://registry.npmjs.org/@ranfdev/deepobj/-/deepobj-1.0.2.tgz",
      "integrity": "sha512-FM3y6kfJaj5MCoAjdv24EDCTDbuFz+4+pgAunbjYfugwIE4O/xx8mPNji1n/ouG8pHCntSnBr1xwTOensF23Gg=="
    },
    "crossfilter2": {
      "version": "1.5.2",
      "resolved": "https://registry.npmjs.org/crossfilter2/-/crossfilter2-1.5.2.tgz",
      "integrity": "sha512-ImlvPlUOQ2MW+DJmoglK3anU9GwvHk2EWaqUoXczydhIKzg7ot4W+w8kPNlUAW6Onoyg2AE1QhH5fzK2gNSbYg==",
      "requires": {
        "@ranfdev/deepobj": "1.0.2"
      }
    }
  }
}
